{
  "name": "extension",
  "version": "1.0.0",
  "lockfileVersion": 3,
  "requires": true,
  "packages": {
    "": {
      "name": "extension",
      "version": "1.0.0",
      "license": "ISC",
      "dependencies": {
        "ts-fsrs": "^5.2.3"
      }
    },
    "node_modules/ts-fsrs": {
      "version": "5.2.3",
      "resolved": "https://registry.npmjs.org/ts-fsrs/-/ts-fsrs-5.2.3.tgz",
      "integrity": "sha512-R3IjceC9WfnvUin6Nx+DwqEzh3Qil6Gg2yEHqvocUcC7Nbi+xDrFg/1fKaYBT0tJedDnDAguXMSX0hijhi859w==",
      "license": "MIT",
      "engines": {
        "node": ">=18.0.0"
      }
    }
  }
}
